
Microsoft Visual Studio Solution File, Format Version 12.00
# Visual Studio Version 16
VisualStudioVersion = 16.0.30406.217
MinimumVisualStudioVersion = 10.0.40219.1
Project("{9A19103F-16F7-4668-BE54-9A1E7A4F7556}") = "envolti", "envolti\envolti.csproj", "{D72301EF-6981-4D14-87C8-5989234F4F5C}"
EndProject
Project("{2150E333-8FDC-42A3-9474-1A3956D46DE8}") = "1 - Api", "1 - Api", "{D4B6D36A-DB22-42B8-96FC-02B21CAF8320}"
EndProject
Project("{2150E333-8FDC-42A3-9474-1A3956D46DE8}") = "2 - Application", "2 - Application", "{73803ECB-164D-4804-A63B-3E49453C91ED}"
EndProject
Project("{9A19103F-16F7-4668-BE54-9A1E7A4F7556}") = "Application", "Application\Application.csproj", "{D48D4578-C3D2-4F7E-80CC-A58F3585EF66}"
EndProject
Project("{FAE04EC0-301F-11D3-BF4B-00C04F79EFBC}") = "TestEnvolti", "TestEnvolti\TestEnvolti.csproj", "{73F14B28-E2E0-4C3D-8214-47B1CF23014B}"
EndProject
Global
	GlobalSection(SolutionConfigurationPlatforms) = preSolution
		Debug|Any CPU = Debug|Any CPU
		Release|Any CPU = Release|Any CPU
	EndGlobalSection
	GlobalSection(ProjectConfigurationPlatforms) = postSolution
		{D72301EF-6981-4D14-87C8-5989234F4F5C}.Debug|Any CPU.ActiveCfg = Debug|Any CPU
		{D72301EF-6981-4D14-87C8-5989234F4F5C}.Debug|Any CPU.Build.0 = Debug|Any CPU
		{D72301EF-6981-4D14-87C8-5989234F4F5C}.Release|Any CPU.ActiveCfg = Release|Any CPU
		{D72301EF-6981-4D14-87C8-5989234F4F5C}.Release|Any CPU.Build.0 = Release|Any CPU
		{D48D4578-C3D2-4F7E-80CC-A58F3585EF66}.Debug|Any CPU.ActiveCfg = Debug|Any CPU
		{D48D4578-C3D2-4F7E-80CC-A58F3585EF66}.Debug|Any CPU.Build.0 = Debug|Any CPU
		{D48D4578-C3D2-4F7E-80CC-A58F3585EF66}.Release|Any CPU.ActiveCfg = Release|Any CPU
		{D48D4578-C3D2-4F7E-80CC-A58F3585EF66}.Release|Any CPU.Build.0 = Release|Any CPU
		{73F14B28-E2E0-4C3D-8214-47B1CF23014B}.Debug|Any CPU.ActiveCfg = Debug|Any CPU
		{73F14B28-E2E0-4C3D-8214-47B1CF23014B}.Debug|Any CPU.Build.0 = Debug|Any CPU
		{73F14B28-E2E0-4C3D-8214-47B1CF23014B}.Release|Any CPU.ActiveCfg = Release|Any CPU
		{73F14B28-E2E0-4C3D-8214-47B1CF23014B}.Release|Any CPU.Build.0 = Release|Any CPU
	EndGlobalSection
	GlobalSection(SolutionProperties) = preSolution
		HideSolutionNode = FALSE
	EndGlobalSection
	GlobalSection(NestedProjects) = preSolution
		{D72301EF-6981-4D14-87C8-5989234F4F5C} = {D4B6D36A-DB22-42B8-96FC-02B21CAF8320}
		{D48D4578-C3D2-4F7E-80CC-A58F3585EF66} = {73803ECB-164D-4804-A63B-3E49453C91ED}
	EndGlobalSection
	GlobalSection(ExtensibilityGlobals) = postSolution
		SolutionGuid = {DC0915E9-4BD0-4015-BCF4-A2EC4491EDCC}
	EndGlobalSection
EndGlobal
